
Microsoft Visual Studio Solution File, Format Version 12.00
# Visual Studio Version 16
VisualStudioVersion = 16.0.30114.105
MinimumVisualStudioVersion = 10.0.40219.1
Project("{FAE04EC0-301F-11D3-BF4B-00C04F79EFBC}") = "BankingCashCounterApplication", "BankingCashCounterApplication\BankingCashCounterApplication.csproj", "{6AF9D141-EF47-45D8-8C34-00D7779B3D99}"
EndProject
Global
	GlobalSection(SolutionConfigurationPlatforms) = preSolution
		Debug|Any CPU = Debug|Any CPU
		Release|Any CPU = Release|Any CPU
	EndGlobalSection
	GlobalSection(ProjectConfigurationPlatforms) = postSolution
		{6AF9D141-EF47-45D8-8C34-00D7779B3D99}.Debug|Any CPU.ActiveCfg = Debug|Any CPU
		{6AF9D141-EF47-45D8-8C34-00D7779B3D99}.Debug|Any CPU.Build.0 = Debug|Any CPU
		{6AF9D141-EF47-45D8-8C34-00D7779B3D99}.Release|Any CPU.ActiveCfg = Release|Any CPU
		{6AF9D141-EF47-45D8-8C34-00D7779B3D99}.Release|Any CPU.Build.0 = Release|Any CPU
	EndGlobalSection
	GlobalSection(SolutionProperties) = preSolution
		HideSolutionNode = FALSE
	EndGlobalSection
	GlobalSection(ExtensibilityGlobals) = postSolution
		SolutionGuid = {0A428821-E63F-47AB-BA94-8DBA8808F874}
	EndGlobalSection
EndGlobal
